{
  "requires": true,
  "lockfileVersion": 1,
  "dependencies": {
    "react-text-input-number-validation": {
      "version": "1.0.0",
      "resolved": "https://registry.npmjs.org/react-text-input-number-validation/-/react-text-input-number-validation-1.0.0.tgz",
      "integrity": "sha512-wRIwRge9DWo+kdC7OqxSukjRbShPbJibFQPgy1AJ3fvNv8Ot/voIEPW2R7rTOQ8QC70QOFPrZwv4wG4AfBGN2g=="
    }
  },
  "version": "1.0.1"
}
